
Microsoft Visual Studio Solution File, Format Version 12.00
# Visual Studio Version 17
VisualStudioVersion = 17.4.33205.214
MinimumVisualStudioVersion = 10.0.40219.1
Project("{FAE04EC0-301F-11D3-BF4B-00C04F79EFBC}") = "WebApplication1", "WebApplication1\WebApplication1.csproj", "{ECBFF123-3CBF-46E3-B946-01FFA7DF20BE}"
EndProject
Global
	GlobalSection(SolutionConfigurationPlatforms) = preSolution
		Debug|Any CPU = Debug|Any CPU
		Release|Any CPU = Release|Any CPU
	EndGlobalSection
	GlobalSection(ProjectConfigurationPlatforms) = postSolution
		{ECBFF123-3CBF-46E3-B946-01FFA7DF20BE}.Debug|Any CPU.ActiveCfg = Debug|Any CPU
		{ECBFF123-3CBF-46E3-B946-01FFA7DF20BE}.Debug|Any CPU.Build.0 = Debug|Any CPU
		{ECBFF123-3CBF-46E3-B946-01FFA7DF20BE}.Release|Any CPU.ActiveCfg = Release|Any CPU
		{ECBFF123-3CBF-46E3-B946-01FFA7DF20BE}.Release|Any CPU.Build.0 = Release|Any CPU
	EndGlobalSection
	GlobalSection(SolutionProperties) = preSolution
		HideSolutionNode = FALSE
	EndGlobalSection
	GlobalSection(ExtensibilityGlobals) = postSolution
		SolutionGuid = {56412FDA-14AD-4B50-98FD-5FAF02E893A3}
	EndGlobalSection
EndGlobal
